
Microsoft Visual Studio Solution File, Format Version 12.00
# Visual Studio Version 17
VisualStudioVersion = 17.12.35707.178 d17.12
MinimumVisualStudioVersion = 10.0.40219.1
Project("{FAE04EC0-301F-11D3-BF4B-00C04F79EFBC}") = "ClaimPortal", "ClaimPortal\ClaimPortal.csproj", "{FCBA3319-6679-4F31-B926-23BDBE670CDA}"
EndProject
Global
	GlobalSection(SolutionConfigurationPlatforms) = preSolution
		Debug|Any CPU = Debug|Any CPU
		Release|Any CPU = Release|Any CPU
	EndGlobalSection
	GlobalSection(ProjectConfigurationPlatforms) = postSolution
		{FCBA3319-6679-4F31-B926-23BDBE670CDA}.Debug|Any CPU.ActiveCfg = Debug|Any CPU
		{FCBA3319-6679-4F31-B926-23BDBE670CDA}.Debug|Any CPU.Build.0 = Debug|Any CPU
		{FCBA3319-6679-4F31-B926-23BDBE670CDA}.Release|Any CPU.ActiveCfg = Release|Any CPU
		{FCBA3319-6679-4F31-B926-23BDBE670CDA}.Release|Any CPU.Build.0 = Release|Any CPU
	EndGlobalSection
	GlobalSection(SolutionProperties) = preSolution
		HideSolutionNode = FALSE
	EndGlobalSection
EndGlobal
